// !$*UTF8*$!
{
	archiveVersion = 1;
	classes = {
	};
	objectVersion = 46;
	objects = {

/* Begin PBXBuildFile section */
		5313E1AA1A25A7E100356B92 /* main.m in Sources */ = {isa = PBXBuildFile; fileRef = 5313E1A91A25A7E100356B92 /* main.m */; };
		5313E1AD1A25A7E100356B92 /* AppDelegate.m in Sources */ = {isa = PBXBuildFile; fileRef = 5313E1AC1A25A7E100356B92 /* AppDelegate.m */; };
		5313E1B01A25A7E100356B92 /* ViewController.m in Sources */ = {isa = PBXBuildFile; fileRef = 5313E1AF1A25A7E100356B92 /* ViewController.m */; };
		5313E1B31A25A7E100356B92 /* Main.storyboard in Resources */ = {isa = PBXBuildFile; fileRef = 5313E1B11A25A7E100356B92 /* Main.storyboard */; };
		5313E1B51A25A7E100356B92 /* Images.xcassets in Resources */ = {isa = PBXBuildFile; fileRef = 5313E1B41A25A7E100356B92 /* Images.xcassets */; };
		5313E1B81A25A7E100356B92 /* LaunchScreen.xib in Resources */ = {isa = PBXBuildFile; fileRef = 5313E1B61A25A7E100356B92 /* LaunchScreen.xib */; };
		5313E1C41A25A7E200356B92 /* MyProTests.m in Sources */ = {isa = PBXBuildFile; fileRef = 5313E1C31A25A7E200356B92 /* MyProTests.m */; };
/* End PBXBuildFile section */

/* Begin PBXContainerItemProxy section */
		5313E1BE1A25A7E200356B92 /* PBXContainerItemProxy */ = {
			isa = PBXContainerItemProxy;
			containerPortal = 5313E19C1A25A7E100356B92 /* Project object */;
			proxyType = 1;
			remoteGlobalIDString = 5313E1A31A25A7E100356B92;
			remoteInfo = MyPro;
		};
/* End PBXContainerItemProxy section */

/* Begin PBXFileReference section */
		5313E1A41A25A7E100356B92 /* MyPro.app */ = {isa = PBXFileReference; explicitFileType = wrapper.application; includeInIndex = 0; path = MyPro.app; sourceTree = BUILT_PRODUCTS_DIR; };
		5313E1A81A25A7E100356B92 /* Info.plist */ = {isa = PBXFileReference; lastKnownFileType = text.plist.xml; path = Info.plist; sourceTree = "<group>"; };
		5313E1A91A25A7E100356B92 /* main.m */ = {isa = PBXFileReference; lastKnownFileType = sourcecode.c.objc; path = main.m; sourceTree = "<group>"; };
		5313E1AB1A25A7E100356B92 /* AppDelegate.h */ = {isa = PBXFileReference; lastKnownFileType = sourcecode.c.h; path = AppDelegate.h; sourceTree = "<group>"; };
		5313E1AC1A25A7E100356B92 /* AppDelegate.m */ = {isa = PBXFileReference; lastKnownFileType = sourcecode.c.objc; path = AppDelegate.m; sourceTree = "<group>"; };
		5313E1AE1A25A7E100356B92 /* ViewController.h */ = {isa = PBXFileReference; lastKnownFileType = sourcecode.c.h; path = ViewController.h; sourceTree = "<group>"; };
		5313E1AF1A25A7E100356B92 /* ViewController.m */ = {isa = PBXFileReference; lastKnownFileType = sourcecode.c.objc; path = ViewController.m; sourceTree = "<group>"; };
		5313E1B21A25A7E100356B92 /* Base */ = {isa = PBXFileReference; lastKnownFileType = file.storyboard; name = Base; path = Base.lproj/Main.storyboard; sourceTree = "<group>"; };
		5313E1B41A25A7E100356B92 /* Images.xcassets */ = {isa = PBXFileReference; lastKnownFileType = folder.assetcatalog; path = Images.xcassets; sourceTree = "<group>"; };
		5313E1B71A25A7E100356B92 /* Base */ = {isa = PBXFileReference; lastKnownFileType = file.xib; name = Base; path = Base.lproj/LaunchScreen.xib; sourceTree = "<group>"; };
		5313E1BD1A25A7E200356B92 /* MyProTests.xctest */ = {isa = PBXFileReference; explicitFileType = wrapper.cfbundle; includeInIndex = 0; path = MyProTests.xctest; sourceTree = BUILT_PRODUCTS_DIR; };
		5313E1C21A25A7E200356B92 /* Info.plist */ = {isa = PBXFileReference; lastKnownFileType = text.plist.xml; path = Info.plist; sourceTree = "<group>"; };
		5313E1C31A25A7E200356B92 /* MyProTests.m */ = {isa = PBXFileReference; lastKnownFileType = sourcecode.c.objc; path = MyProTests.m; sourceTree = "<group>"; };
/* End PBXFileReference section */

/* Begin PBXFrameworksBuildPhase section */
		5313E1A11A25A7E100356B92 /* Frameworks */ = {
			isa = PBXFrameworksBuildPhase;
			buildActionMask = 2147483647;
			files = (
			);
			runOnlyForDeploymentPostprocessing = 0;
		};
		5313E1BA1A25A7E200356B92 /* Frameworks */ = {
			isa = PBXFrameworksBuildPhase;
			buildActionMask = 2147483647;
			files = (
			);
			runOnlyForDeploymentPostprocessing = 0;
		};
/* End PBXFrameworksBuildPhase section */

/* Begin PBXGroup section */
		5313E19B1A25A7E100356B92 = {
			isa = PBXGroup;
			children = (
				5313E1A61A25A7E100356B92 /* MyPro */,
				5313E1C01A25A7E200356B92 /* MyProTests */,
				5313E1A51A25A7E100356B92 /* Products */,
			);
			sourceTree = "<group>";
		};
		5313E1A51A25A7E100356B92 /* Products */ = {
			isa = PBXGroup;
			children = (
				5313E1A41A25A7E100356B92 /* MyPro.app */,
				5313E1BD1A25A7E200356B92 /* MyProTests.xctest */,
			);
			name = Products;
			sourceTree = "<group>";
		};
		5313E1A61A25A7E100356B92 /* MyPro */ = {
			isa = PBXGroup;
			children = (
				5313E1AB1A25A7E100356B92 /* AppDelegate.h */,
				5313E1AC1A25A7E100356B92 /* AppDelegate.m */,
				5313E1AE1A25A7E100356B92 /* ViewController.h */,
				5313E1AF1A25A7E100356B92 /* ViewController.m */,
				5313E1B11A25A7E100356B92 /* Main.storyboard */,
				5313E1B41A25A7E100356B92 /* Images.xcassets */,
				5313E1B61A25A7E100356B92 /* LaunchScreen.xib */,
				5313E1A71A25A7E100356B92 /* Supporting Files */,
			);
			path = MyPro;
			sourceTree = "<group>";
		};
		5313E1A71A25A7E100356B92 /* Supporting Files */ = {
			isa = PBXGroup;
			children = (
				5313E1A81A25A7E100356B92 /* Info.plist */,
				5313E1A91A25A7E100356B92 /* main.m */,
			);
			name = "Supporting Files";
			sourceTree = "<group>";
		};
		5313E1C01A25A7E200356B92 /* MyProTests */ = {
			isa = PBXGroup;
			children = (
				5313E1C31A25A7E200356B92 /* MyProTests.m */,
				5313E1C11A25A7E200356B92 /* Supporting Files */,
			);
			path = MyProTests;
			sourceTree = "<group>";
		};
		5313E1C11A25A7E200356B92 /* Supporting Files */ = {
			isa = PBXGroup;
			children = (
				5313E1C21A25A7E200356B92 /* Info.plist */,
			);
			name = "Supporting Files";
			sourceTree = "<group>";
		};
/* End PBXGroup section */

/* Begin PBXNativeTarget section */
		5313E1A31A25A7E100356B92 /* MyPro */ = {
			isa = PBXNativeTarget;
			buildConfigurationList = 5313E1C71A25A7E200356B92 /* Build configuration list for PBXNativeTarget "MyPro" */;
			buildPhases = (
				5313E1A01A25A7E100356B92 /* Sources */,
				5313E1A11A25A7E100356B92 /* Frameworks */,
				5313E1A21A25A7E100356B92 /* Resources */,
			);
			buildRules = (
			);
			dependencies = (
			);
			name = MyPro;
			productName = MyPro;
			productReference = 5313E1A41A25A7E100356B92 /* MyPro.app */;
			productType = "com.apple.product-type.application";
		};
		5313E1BC1A25A7E200356B92 /* MyProTests */ = {
			isa = PBXNativeTarget;
			buildConfigurationList = 5313E1CA1A25A7E200356B92 /* Build configuration list for PBXNativeTarget "MyProTests" */;
			buildPhases = (
				5313E1B91A25A7E200356B92 /* Sources */,
				5313E1BA1A25A7E200356B92 /* Frameworks */,
				5313E1BB1A25A7E200356B92 /* Resources */,
			);
			buildRules = (
			);
			dependencies = (
				5313E1BF1A25A7E200356B92 /* PBXTargetDependency */,
			);
			name = MyProTests;
			productName = MyProTests;
			productReference = 5313E1BD1A25A7E200356B92 /* MyProTests.xctest */;
			productType = "com.apple.product-type.bundle.unit-test";
		};
/* End PBXNativeTarget section */

/* Begin PBXProject section */
		5313E19C1A25A7E100356B92 /* Project object */ = {
			isa = PBXProject;
			attributes = {
				LastUpgradeCheck = 0610;
				ORGANIZATIONNAME = sk;
				TargetAttributes = {
					5313E1A31A25A7E100356B92 = {
						CreatedOnToolsVersion = 6.1;
					};
					5313E1BC1A25A7E200356B92 = {
						CreatedOnToolsVersion = 6.1;
						TestTargetID = 5313E1A31A25A7E100356B92;
					};
				};
			};
			buildConfigurationList = 5313E19F1A25A7E100356B92 /* Build configuration list for PBXProject "MyPro" */;
			compatibilityVersion = "Xcode 3.2";
			developmentRegion = English;
			hasScannedForEncodings = 0;
			knownRegions = (
				en,
				Base,
			);
			mainGroup = 5313E19B1A25A7E100356B92;
			productRefGroup = 5313E1A51A25A7E100356B92 /* Products */;
			projectDirPath = "";
			projectRoot = "";
			targets = (
				5313E1A31A25A7E100356B92 /* MyPro */,
				5313E1BC1A25A7E200356B92 /* MyProTests */,
			);
		};
/* End PBXProject section */

/* Begin PBXResourcesBuildPhase section */
		5313E1A21A25A7E100356B92 /* Resources */ = {
			isa = PBXResourcesBuildPhase;
			buildActionMask = 2147483647;
			files = (
				5313E1B31A25A7E100356B92 /* Main.storyboard in Resources */,
				5313E1B81A25A7E100356B92 /* LaunchScreen.xib in Resources */,
				5313E1B51A25A7E100356B92 /* Images.xcassets in Resources */,
			);
			runOnlyForDeploymentPostprocessing = 0;
		};
		5313E1BB1A25A7E200356B92 /* Resources */ = {
			isa = PBXResourcesBuildPhase;
			buildActionMask = 2147483647;
			files = (
			);
			runOnlyForDeploymentPostprocessing = 0;
		};
/* End PBXResourcesBuildPhase section */

/* Begin PBXSourcesBuildPhase section */
		5313E1A01A25A7E100356B92 /* Sources */ = {
			isa = PBXSourcesBuildPhase;
			buildActionMask = 2147483647;
			files = (
				5313E1B01A25A7E100356B92 /* ViewController.m in Sources */,
				5313E1AD1A25A7E100356B92 /* AppDelegate.m in Sources */,
				5313E1AA1A25A7E100356B92 /* main.m in Sources */,
			);
			runOnlyForDeploymentPostprocessing = 0;
		};
		5313E1B91A25A7E200356B92 /* Sources */ = {
			isa = PBXSourcesBuildPhase;
			buildActionMask = 2147483647;
			files = (
				5313E1C41A25A7E200356B92 /* MyProTests.m in Sources */,
			);
			runOnlyForDeploymentPostprocessing = 0;
		};
/* End PBXSourcesBuildPhase section */

/* Begin PBXTargetDependency section */
		5313E1BF1A25A7E200356B92 /* PBXTargetDependency */ = {
			isa = PBXTargetDependency;
			target = 5313E1A31A25A7E100356B92 /* MyPro */;
			targetProxy = 5313E1BE1A25A7E200356B92 /* PBXContainerItemProxy */;
		};
/* End PBXTargetDependency section */

/* Begin PBXVariantGroup section */
		5313E1B11A25A7E100356B92 /* Main.storyboard */ = {
			isa = PBXVariantGroup;
			children = (
				5313E1B21A25A7E100356B92 /* Base */,
			);
			name = Main.storyboard;
			sourceTree = "<group>";
		};
		5313E1B61A25A7E100356B92 /* LaunchScreen.xib */ = {
			isa = PBXVariantGroup;
			children = (
				5313E1B71A25A7E100356B92 /* Base */,
			);
			name = LaunchScreen.xib;
			sourceTree = "<group>";
		};
/* End PBXVariantGroup section */

/* Begin XCBuildConfiguration section */
		5313E1C51A25A7E200356B92 /* Debug */ = {
			isa = XCBuildConfiguration;
			buildSettings = {
				ALWAYS_SEARCH_USER_PATHS = NO;
				CLANG_CXX_LANGUAGE_STANDARD = "gnu++0x";
				CLANG_CXX_LIBRARY = "libc++";
				CLANG_ENABLE_MODULES = YES;
				CLANG_ENABLE_OBJC_ARC = YES;
				CLANG_WARN_BOOL_CONVERSION = YES;
				CLANG_WARN_CONSTANT_CONVERSION = YES;
				CLANG_WARN_DIRECT_OBJC_ISA_USAGE = YES_ERROR;
				CLANG_WARN_EMPTY_BODY = YES;
				CLANG_WARN_ENUM_CONVERSION = YES;
				CLANG_WARN_INT_CONVERSION = YES;
				CLANG_WARN_OBJC_ROOT_CLASS = YES_ERROR;
				CLANG_WARN_UNREACHABLE_CODE = YES;
				CLANG_WARN__DUPLICATE_METHOD_MATCH = YES;
				"CODE_SIGN_IDENTITY[sdk=iphoneos*]" = "iPhone Developer";
				COPY_PHASE_STRIP = NO;
				ENABLE_STRICT_OBJC_MSGSEND = YES;
				GCC_C_LANGUAGE_STANDARD = gnu99;
				GCC_DYNAMIC_NO_PIC = NO;
				GCC_OPTIMIZATION_LEVEL = 0;
				GCC_PREPROCESSOR_DEFINITIONS = (
					"DEBUG=1",
					"$(inherited)",
				);
				GCC_SYMBOLS_PRIVATE_EXTERN = NO;
				GCC_WARN_64_TO_32_BIT_CONVERSION = YES;
				GCC_WARN_ABOUT_RETURN_TYPE = YES_ERROR;
				GCC_WARN_UNDECLARED_SELECTOR = YES;
				GCC_WARN_UNINITIALIZED_AUTOS = YES_AGGRESSIVE;
				GCC_WARN_UNUSED_FUNCTION = YES;
				GCC_WARN_UNUSED_VARIABLE = YES;
				IPHONEOS_DEPLOYMENT_TARGET = 8.1;
				MTL_ENABLE_DEBUG_INFO = YES;
				ONLY_ACTIVE_ARCH = YES;
				SDKROOT = iphoneos;
			};
			name = Debug;
		};
		5313E1C61A25A7E200356B92 /* Release */ = {
			isa = XCBuildConfiguration;
			buildSettings = {
				ALWAYS_SEARCH_USER_PATHS = NO;
				CLANG_CXX_LANGUAGE_STANDARD = "gnu++0x";
				CLANG_CXX_LIBRARY = "libc++";
				CLANG_ENABLE_MODULES = YES;
				CLANG_ENABLE_OBJC_ARC = YES;
				CLANG_WARN_BOOL_CONVERSION = YES;
				CLANG_WARN_CONSTANT_CONVERSION = YES;
				CLANG_WARN_DIRECT_OBJC_ISA_USAGE = YES_ERROR;
				CLANG_WARN_EMPTY_BODY = YES;
				CLANG_WARN_ENUM_CONVERSION = YES;
				CLANG_WARN_INT_CONVERSION = YES;
				CLANG_WARN_OBJC_ROOT_CLASS = YES_ERROR;
				CLANG_WARN_UNREACHABLE_CODE = YES;
				CLANG_WARN__DUPLICATE_METHOD_MATCH = YES;
				"CODE_SIGN_IDENTITY[sdk=iphoneos*]" = "iPhone Developer";
				COPY_PHASE_STRIP = YES;
				ENABLE_NS_ASSERTIONS = NO;
				ENABLE_STRICT_OBJC_MSGSEND = YES;
				GCC_C_LANGUAGE_STANDARD = gnu99;
				GCC_WARN_64_TO_32_BIT_CONVERSION = YES;
				GCC_WARN_ABOUT_RETURN_TYPE = YES_ERROR;
				GCC_WARN_UNDECLARED_SELECTOR = YES;
				GCC_WARN_UNINITIALIZED_AUTOS = YES_AGGRESSIVE;
				GCC_WARN_UNUSED_FUNCTION = YES;
				GCC_WARN_UNUSED_VARIABLE = YES;
				IPHONEOS_DEPLOYMENT_TARGET = 8.1;
				MTL_ENABLE_DEBUG_INFO = NO;
				SDKROOT = iphoneos;
				VALIDATE_PRODUCT = YES;
			};
			name = Release;
		};
		5313E1C81A25A7E200356B92 /* Debug */ = {
			isa = XCBuildConfiguration;
			buildSettings = {
				ASSETCATALOG_COMPILER_APPICON_NAME = AppIcon;
				INFOPLIST_FILE = MyPro/Info.plist;
				LD_RUNPATH_SEARCH_PATHS = "$(inherited) @executable_path/Frameworks";
				PRODUCT_NAME = "$(TARGET_NAME)";
			};
			name = Debug;
		};
		5313E1C91A25A7E200356B92 /* Release */ = {
			isa = XCBuildConfiguration;
			buildSettings = {
				ASSETCATALOG_COMPILER_APPICON_NAME = AppIcon;
				INFOPLIST_FILE = MyPro/Info.plist;
				LD_RUNPATH_SEARCH_PATHS = "$(inherited) @executable_path/Frameworks";
				PRODUCT_NAME = "$(TARGET_NAME)";
			};
			name = Release;
		};
		5313E1CB1A25A7E200356B92 /* Debug */ = {
			isa = XCBuildConfiguration;
			buildSettings = {
				BUNDLE_LOADER = "$(TEST_HOST)";
				FRAMEWORK_SEARCH_PATHS = (
					"$(SDKROOT)/Developer/Library/Frameworks",
					"$(inherited)",
				);
				GCC_PREPROCESSOR_DEFINITIONS = (
					"DEBUG=1",
					"$(inherited)",
				);
				INFOPLIST_FILE = MyProTests/Info.plist;
				LD_RUNPATH_SEARCH_PATHS = "$(inherited) @executable_path/Frameworks @loader_path/Frameworks";
				PRODUCT_NAME = "$(TARGET_NAME)";
				TEST_HOST = "$(BUILT_PRODUCTS_DIR)/MyPro.app/MyPro";
			};
			name = Debug;
		};
		5313E1CC1A25A7E200356B92 /* Release */ = {
			isa = XCBuildConfiguration;
			buildSettings = {
				BUNDLE_LOADER = "$(TEST_HOST)";
				FRAMEWORK_SEARCH_PATHS = (
					"$(SDKROOT)/Developer/Library/Frameworks",
					"$(inherited)",
				);
				INFOPLIST_FILE = MyProTests/Info.plist;
				LD_RUNPATH_SEARCH_PATHS = "$(inherited) @executable_path/Frameworks @loader_path/Frameworks";
				PRODUCT_NAME = "$(TARGET_NAME)";
				TEST_HOST = "$(BUILT_PRODUCTS_DIR)/MyPro.app/MyPro";
			};
			name = Release;
		};
/* End XCBuildConfiguration section */

/* Begin XCConfigurationList section */
		5313E19F1A25A7E100356B92 /* Build configuration list for PBXProject "MyPro" */ = {
			isa = XCConfigurationList;
			buildConfigurations = (
				5313E1C51A25A7E200356B92 /* Debug */,
				5313E1C61A25A7E200356B92 /* Release */,
			);
			defaultConfigurationIsVisible = 0;
			defaultConfigurationName = Release;
		};
		5313E1C71A25A7E200356B92 /* Build configuration list for PBXNativeTarget "MyPro" */ = {
			isa = XCConfigurationList;
			buildConfigurations = (
				5313E1C81A25A7E200356B92 /* Debug */,
				5313E1C91A25A7E200356B92 /* Release */,
			);
			defaultConfigurationIsVisible = 0;
		};
		5313E1CA1A25A7E200356B92 /* Build configuration list for PBXNativeTarget "MyProTests" */ = {
			isa = XCConfigurationList;
			buildConfigurations = (
				5313E1CB1A25A7E200356B92 /* Debug */,
				5313E1CC1A25A7E200356B92 /* Release */,
			);
			defaultConfigurationIsVisible = 0;
		};
/* End XCConfigurationList section */
	};
	rootObject = 5313E19C1A25A7E100356B92 /* Project object */;
}
